// !$*UTF8*$!
{
	archiveVersion = 1;
	classes = {
	};
	objectVersion = 50;
	objects = {

/* Begin PBXBuildFile section */
		F4DAD57C22E34BE400DF9960 /* ShadowClass.swift in Sources */ = {isa = PBXBuildFile; fileRef = F4DAD57B22E34BE400DF9960 /* ShadowClass.swift */; };
		F4DAD57E22E38F8900DF9960 /* CollectionViewCell.swift in Sources */ = {isa = PBXBuildFile; fileRef = F4DAD57D22E38F8900DF9960 /* CollectionViewCell.swift */; };
		F4DAD58422E3903B00DF9960 /* TomModel.swift in Sources */ = {isa = PBXBuildFile; fileRef = F4DAD58322E3903B00DF9960 /* TomModel.swift */; };
		F4DAD58622E390B200DF9960 /* TomData.swift in Sources */ = {isa = PBXBuildFile; fileRef = F4DAD58522E390B200DF9960 /* TomData.swift */; };
		F4E1831122E0C5E500A68157 /* AppDelegate.swift in Sources */ = {isa = PBXBuildFile; fileRef = F4E1831022E0C5E500A68157 /* AppDelegate.swift */; };
		F4E1831322E0C5E500A68157 /* ViewController.swift in Sources */ = {isa = PBXBuildFile; fileRef = F4E1831222E0C5E500A68157 /* ViewController.swift */; };
		F4E1831622E0C5E500A68157 /* Main.storyboard in Resources */ = {isa = PBXBuildFile; fileRef = F4E1831422E0C5E500A68157 /* Main.storyboard */; };
		F4E1831822E0C5F800A68157 /* Assets.xcassets in Resources */ = {isa = PBXBuildFile; fileRef = F4E1831722E0C5F800A68157 /* Assets.xcassets */; };
		F4E1831B22E0C5F800A68157 /* LaunchScreen.storyboard in Resources */ = {isa = PBXBuildFile; fileRef = F4E1831922E0C5F800A68157 /* LaunchScreen.storyboard */; };
		F4E1832322E0DF2100A68157 /* ShadowViewController.swift in Sources */ = {isa = PBXBuildFile; fileRef = F4E1832222E0DF2100A68157 /* ShadowViewController.swift */; };
/* End PBXBuildFile section */

/* Begin PBXFileReference section */
		F4DAD57B22E34BE400DF9960 /* ShadowClass.swift */ = {isa = PBXFileReference; lastKnownFileType = sourcecode.swift; path = ShadowClass.swift; sourceTree = "<group>"; };
		F4DAD57D22E38F8900DF9960 /* CollectionViewCell.swift */ = {isa = PBXFileReference; lastKnownFileType = sourcecode.swift; path = CollectionViewCell.swift; sourceTree = "<group>"; };
		F4DAD58322E3903B00DF9960 /* TomModel.swift */ = {isa = PBXFileReference; lastKnownFileType = sourcecode.swift; path = TomModel.swift; sourceTree = "<group>"; };
		F4DAD58522E390B200DF9960 /* TomData.swift */ = {isa = PBXFileReference; lastKnownFileType = sourcecode.swift; path = TomData.swift; sourceTree = "<group>"; };
		F4E1830D22E0C5E500A68157 /* VaryForTraits.app */ = {isa = PBXFileReference; explicitFileType = wrapper.application; includeInIndex = 0; path = VaryForTraits.app; sourceTree = BUILT_PRODUCTS_DIR; };
		F4E1831022E0C5E500A68157 /* AppDelegate.swift */ = {isa = PBXFileReference; lastKnownFileType = sourcecode.swift; path = AppDelegate.swift; sourceTree = "<group>"; };
		F4E1831222E0C5E500A68157 /* ViewController.swift */ = {isa = PBXFileReference; lastKnownFileType = sourcecode.swift; path = ViewController.swift; sourceTree = "<group>"; };
		F4E1831522E0C5E500A68157 /* Base */ = {isa = PBXFileReference; lastKnownFileType = file.storyboard; name = Base; path = Base.lproj/Main.storyboard; sourceTree = "<group>"; };
		F4E1831722E0C5F800A68157 /* Assets.xcassets */ = {isa = PBXFileReference; lastKnownFileType = folder.assetcatalog; path = Assets.xcassets; sourceTree = "<group>"; };
		F4E1831A22E0C5F800A68157 /* Base */ = {isa = PBXFileReference; lastKnownFileType = file.storyboard; name = Base; path = Base.lproj/LaunchScreen.storyboard; sourceTree = "<group>"; };
		F4E1831C22E0C5F800A68157 /* Info.plist */ = {isa = PBXFileReference; lastKnownFileType = text.plist.xml; path = Info.plist; sourceTree = "<group>"; };
		F4E1832222E0DF2100A68157 /* ShadowViewController.swift */ = {isa = PBXFileReference; lastKnownFileType = sourcecode.swift; path = ShadowViewController.swift; sourceTree = "<group>"; };
/* End PBXFileReference section */

/* Begin PBXFrameworksBuildPhase section */
		F4E1830A22E0C5E500A68157 /* Frameworks */ = {
			isa = PBXFrameworksBuildPhase;
			buildActionMask = 2147483647;
			files = (
			);
			runOnlyForDeploymentPostprocessing = 0;
		};
/* End PBXFrameworksBuildPhase section */

/* Begin PBXGroup section */
		F4DAD57A22E34B9900DF9960 /* Helper */ = {
			isa = PBXGroup;
			children = (
				F4DAD57B22E34BE400DF9960 /* ShadowClass.swift */,
			);
			path = Helper;
			sourceTree = "<group>";
		};
		F4DAD57F22E38F9F00DF9960 /* Data */ = {
			isa = PBXGroup;
			children = (
				F4DAD58522E390B200DF9960 /* TomData.swift */,
			);
			path = Data;
			sourceTree = "<group>";
		};
		F4DAD58022E38FAD00DF9960 /* Model */ = {
			isa = PBXGroup;
			children = (
				F4DAD58322E3903B00DF9960 /* TomModel.swift */,
			);
			path = Model;
			sourceTree = "<group>";
		};
		F4DAD58122E38FB800DF9960 /* View */ = {
			isa = PBXGroup;
			children = (
				F4DAD57D22E38F8900DF9960 /* CollectionViewCell.swift */,
			);
			path = View;
			sourceTree = "<group>";
		};
		F4DAD58222E38FC300DF9960 /* Controller */ = {
			isa = PBXGroup;
			children = (
				F4E1831222E0C5E500A68157 /* ViewController.swift */,
				F4E1832222E0DF2100A68157 /* ShadowViewController.swift */,
			);
			path = Controller;
			sourceTree = "<group>";
		};
		F4E1830422E0C5E500A68157 = {
			isa = PBXGroup;
			children = (
				F4E1830F22E0C5E500A68157 /* VaryForTraits */,
				F4E1830E22E0C5E500A68157 /* Products */,
			);
			sourceTree = "<group>";
		};
		F4E1830E22E0C5E500A68157 /* Products */ = {
			isa = PBXGroup;
			children = (
				F4E1830D22E0C5E500A68157 /* VaryForTraits.app */,
			);
			name = Products;
			sourceTree = "<group>";
		};
		F4E1830F22E0C5E500A68157 /* VaryForTraits */ = {
			isa = PBXGroup;
			children = (
				F4E1831022E0C5E500A68157 /* AppDelegate.swift */,
				F4DAD57F22E38F9F00DF9960 /* Data */,
				F4DAD58022E38FAD00DF9960 /* Model */,
				F4DAD57A22E34B9900DF9960 /* Helper */,
				F4DAD58122E38FB800DF9960 /* View */,
				F4DAD58222E38FC300DF9960 /* Controller */,
				F4E1831422E0C5E500A68157 /* Main.storyboard */,
				F4E1831722E0C5F800A68157 /* Assets.xcassets */,
				F4E1831922E0C5F800A68157 /* LaunchScreen.storyboard */,
				F4E1831C22E0C5F800A68157 /* Info.plist */,
			);
			path = VaryForTraits;
			sourceTree = "<group>";
		};
/* End PBXGroup section */

/* Begin PBXNativeTarget section */
		F4E1830C22E0C5E500A68157 /* VaryForTraits */ = {
			isa = PBXNativeTarget;
			buildConfigurationList = F4E1831F22E0C5F800A68157 /* Build configuration list for PBXNativeTarget "VaryForTraits" */;
			buildPhases = (
				F4E1830922E0C5E500A68157 /* Sources */,
				F4E1830A22E0C5E500A68157 /* Frameworks */,
				F4E1830B22E0C5E500A68157 /* Resources */,
			);
			buildRules = (
			);
			dependencies = (
			);
			name = VaryForTraits;
			productName = VaryForTraits;
			productReference = F4E1830D22E0C5E500A68157 /* VaryForTraits.app */;
			productType = "com.apple.product-type.application";
		};
/* End PBXNativeTarget section */

/* Begin PBXProject section */
		F4E1830522E0C5E500A68157 /* Project object */ = {
			isa = PBXProject;
			attributes = {
				LastSwiftUpdateCheck = 1020;
				LastUpgradeCheck = 1020;
				ORGANIZATIONNAME = "Nazim Uddin";
				TargetAttributes = {
					F4E1830C22E0C5E500A68157 = {
						CreatedOnToolsVersion = 10.2.1;
					};
				};
			};
			buildConfigurationList = F4E1830822E0C5E500A68157 /* Build configuration list for PBXProject "VaryForTraits" */;
			compatibilityVersion = "Xcode 9.3";
			developmentRegion = en;
			hasScannedForEncodings = 0;
			knownRegions = (
				en,
				Base,
			);
			mainGroup = F4E1830422E0C5E500A68157;
			productRefGroup = F4E1830E22E0C5E500A68157 /* Products */;
			projectDirPath = "";
			projectRoot = "";
			targets = (
				F4E1830C22E0C5E500A68157 /* VaryForTraits */,
			);
		};
/* End PBXProject section */

/* Begin PBXResourcesBuildPhase section */
		F4E1830B22E0C5E500A68157 /* Resources */ = {
			isa = PBXResourcesBuildPhase;
			buildActionMask = 2147483647;
			files = (
				F4E1831B22E0C5F800A68157 /* LaunchScreen.storyboard in Resources */,
				F4E1831822E0C5F800A68157 /* Assets.xcassets in Resources */,
				F4E1831622E0C5E500A68157 /* Main.storyboard in Resources */,
			);
			runOnlyForDeploymentPostprocessing = 0;
		};
/* End PBXResourcesBuildPhase section */

/* Begin PBXSourcesBuildPhase section */
		F4E1830922E0C5E500A68157 /* Sources */ = {
			isa = PBXSourcesBuildPhase;
			buildActionMask = 2147483647;
			files = (
				F4DAD58622E390B200DF9960 /* TomData.swift in Sources */,
				F4DAD57E22E38F8900DF9960 /* CollectionViewCell.swift in Sources */,
				F4DAD57C22E34BE400DF9960 /* ShadowClass.swift in Sources */,
				F4DAD58422E3903B00DF9960 /* TomModel.swift in Sources */,
				F4E1832322E0DF2100A68157 /* ShadowViewController.swift in Sources */,
				F4E1831322E0C5E500A68157 /* ViewController.swift in Sources */,
				F4E1831122E0C5E500A68157 /* AppDelegate.swift in Sources */,
			);
			runOnlyForDeploymentPostprocessing = 0;
		};
/* End PBXSourcesBuildPhase section */

/* Begin PBXVariantGroup section */
		F4E1831422E0C5E500A68157 /* Main.storyboard */ = {
			isa = PBXVariantGroup;
			children = (
				F4E1831522E0C5E500A68157 /* Base */,
			);
			name = Main.storyboard;
			sourceTree = "<group>";
		};
		F4E1831922E0C5F800A68157 /* LaunchScreen.storyboard */ = {
			isa = PBXVariantGroup;
			children = (
				F4E1831A22E0C5F800A68157 /* Base */,
			);
			name = LaunchScreen.storyboard;
			sourceTree = "<group>";
		};
/* End PBXVariantGroup section */

/* Begin XCBuildConfiguration section */
		F4E1831D22E0C5F800A68157 /* Debug */ = {
			isa = XCBuildConfiguration;
			buildSettings = {
				ALWAYS_SEARCH_USER_PATHS = NO;
				CLANG_ANALYZER_NONNULL = YES;
				CLANG_ANALYZER_NUMBER_OBJECT_CONVERSION = YES_AGGRESSIVE;
				CLANG_CXX_LANGUAGE_STANDARD = "gnu++14";
				CLANG_CXX_LIBRARY = "libc++";
				CLANG_ENABLE_MODULES = YES;
				CLANG_ENABLE_OBJC_ARC = YES;
				CLANG_ENABLE_OBJC_WEAK = YES;
				CLANG_WARN_BLOCK_CAPTURE_AUTORELEASING = YES;
				CLANG_WARN_BOOL_CONVERSION = YES;
				CLANG_WARN_COMMA = YES;
				CLANG_WARN_CONSTANT_CONVERSION = YES;
				CLANG_WARN_DEPRECATED_OBJC_IMPLEMENTATIONS = YES;
				CLANG_WARN_DIRECT_OBJC_ISA_USAGE = YES_ERROR;
				CLANG_WARN_DOCUMENTATION_COMMENTS = YES;
				CLANG_WARN_EMPTY_BODY = YES;
				CLANG_WARN_ENUM_CONVERSION = YES;
				CLANG_WARN_INFINITE_RECURSION = YES;
				CLANG_WARN_INT_CONVERSION = YES;
				CLANG_WARN_NON_LITERAL_NULL_CONVERSION = YES;
				CLANG_WARN_OBJC_IMPLICIT_RETAIN_SELF = YES;
				CLANG_WARN_OBJC_LITERAL_CONVERSION = YES;
				CLANG_WARN_OBJC_ROOT_CLASS = YES_ERROR;
				CLANG_WARN_RANGE_LOOP_ANALYSIS = YES;
				CLANG_WARN_STRICT_PROTOTYPES = YES;
				CLANG_WARN_SUSPICIOUS_MOVE = YES;
				CLANG_WARN_UNGUARDED_AVAILABILITY = YES_AGGRESSIVE;
				CLANG_WARN_UNREACHABLE_CODE = YES;
				CLANG_WARN__DUPLICATE_METHOD_MATCH = YES;
				CODE_SIGN_IDENTITY = "iPhone Developer";
				COPY_PHASE_STRIP = NO;
				DEBUG_INFORMATION_FORMAT = dwarf;
				ENABLE_STRICT_OBJC_MSGSEND = YES;
				ENABLE_TESTABILITY = YES;
				GCC_C_LANGUAGE_STANDARD = gnu11;
				GCC_DYNAMIC_NO_PIC = NO;
				GCC_NO_COMMON_BLOCKS = YES;
				GCC_OPTIMIZATION_LEVEL = 0;
				GCC_PREPROCESSOR_DEFINITIONS = (
					"DEBUG=1",
					"$(inherited)",
				);
				GCC_WARN_64_TO_32_BIT_CONVERSION = YES;
				GCC_WARN_ABOUT_RETURN_TYPE = YES_ERROR;
				GCC_WARN_UNDECLARED_SELECTOR = YES;
				GCC_WARN_UNINITIALIZED_AUTOS = YES_AGGRESSIVE;
				GCC_WARN_UNUSED_FUNCTION = YES;
				GCC_WARN_UNUSED_VARIABLE = YES;
				IPHONEOS_DEPLOYMENT_TARGET = 12.2;
				MTL_ENABLE_DEBUG_INFO = INCLUDE_SOURCE;
				MTL_FAST_MATH = YES;
				ONLY_ACTIVE_ARCH = YES;
				SDKROOT = iphoneos;
				SWIFT_ACTIVE_COMPILATION_CONDITIONS = DEBUG;
				SWIFT_OPTIMIZATION_LEVEL = "-Onone";
			};
			name = Debug;
		};
		F4E1831E22E0C5F800A68157 /* Release */ = {
			isa = XCBuildConfiguration;
			buildSettings = {
				ALWAYS_SEARCH_USER_PATHS = NO;
				CLANG_ANALYZER_NONNULL = YES;
				CLANG_ANALYZER_NUMBER_OBJECT_CONVERSION = YES_AGGRESSIVE;
				CLANG_CXX_LANGUAGE_STANDARD = "gnu++14";
				CLANG_CXX_LIBRARY = "libc++";
				CLANG_ENABLE_MODULES = YES;
				CLANG_ENABLE_OBJC_ARC = YES;
				CLANG_ENABLE_OBJC_WEAK = YES;
				CLANG_WARN_BLOCK_CAPTURE_AUTORELEASING = YES;
				CLANG_WARN_BOOL_CONVERSION = YES;
				CLANG_WARN_COMMA = YES;
				CLANG_WARN_CONSTANT_CONVERSION = YES;
				CLANG_WARN_DEPRECATED_OBJC_IMPLEMENTATIONS = YES;
				CLANG_WARN_DIRECT_OBJC_ISA_USAGE = YES_ERROR;
				CLANG_WARN_DOCUMENTATION_COMMENTS = YES;
				CLANG_WARN_EMPTY_BODY = YES;
				CLANG_WARN_ENUM_CONVERSION = YES;
				CLANG_WARN_INFINITE_RECURSION = YES;
				CLANG_WARN_INT_CONVERSION = YES;
				CLANG_WARN_NON_LITERAL_NULL_CONVERSION = YES;
				CLANG_WARN_OBJC_IMPLICIT_RETAIN_SELF = YES;
				CLANG_WARN_OBJC_LITERAL_CONVERSION = YES;
				CLANG_WARN_OBJC_ROOT_CLASS = YES_ERROR;
				CLANG_WARN_RANGE_LOOP_ANALYSIS = YES;
				CLANG_WARN_STRICT_PROTOTYPES = YES;
				CLANG_WARN_SUSPICIOUS_MOVE = YES;
				CLANG_WARN_UNGUARDED_AVAILABILITY = YES_AGGRESSIVE;
				CLANG_WARN_UNREACHABLE_CODE = YES;
				CLANG_WARN__DUPLICATE_METHOD_MATCH = YES;
				CODE_SIGN_IDENTITY = "iPhone Developer";
				COPY_PHASE_STRIP = NO;
				DEBUG_INFORMATION_FORMAT = "dwarf-with-dsym";
				ENABLE_NS_ASSERTIONS = NO;
				ENABLE_STRICT_OBJC_MSGSEND = YES;
				GCC_C_LANGUAGE_STANDARD = gnu11;
				GCC_NO_COMMON_BLOCKS = YES;
				GCC_WARN_64_TO_32_BIT_CONVERSION = YES;
				GCC_WARN_ABOUT_RETURN_TYPE = YES_ERROR;
				GCC_WARN_UNDECLARED_SELECTOR = YES;
				GCC_WARN_UNINITIALIZED_AUTOS = YES_AGGRESSIVE;
				GCC_WARN_UNUSED_FUNCTION = YES;
				GCC_WARN_UNUSED_VARIABLE = YES;
				IPHONEOS_DEPLOYMENT_TARGET = 12.2;
				MTL_ENABLE_DEBUG_INFO = NO;
				MTL_FAST_MATH = YES;
				SDKROOT = iphoneos;
				SWIFT_COMPILATION_MODE = wholemodule;
				SWIFT_OPTIMIZATION_LEVEL = "-O";
				VALIDATE_PRODUCT = YES;
			};
			name = Release;
		};
		F4E1832022E0C5F800A68157 /* Debug */ = {
			isa = XCBuildConfiguration;
			buildSettings = {
				ASSETCATALOG_COMPILER_APPICON_NAME = AppIcon;
				CODE_SIGN_STYLE = Automatic;
				DEVELOPMENT_TEAM = MR2599V69Q;
				INFOPLIST_FILE = VaryForTraits/Info.plist;
				LD_RUNPATH_SEARCH_PATHS = (
					"$(inherited)",
					"@executable_path/Frameworks",
				);
				PRODUCT_BUNDLE_IDENTIFIER = nazim.VaryForTraits;
				PRODUCT_NAME = "$(TARGET_NAME)";
				SWIFT_VERSION = 5.0;
				TARGETED_DEVICE_FAMILY = "1,2";
			};
			name = Debug;
		};
		F4E1832122E0C5F800A68157 /* Release */ = {
			isa = XCBuildConfiguration;
			buildSettings = {
				ASSETCATALOG_COMPILER_APPICON_NAME = AppIcon;
				CODE_SIGN_STYLE = Automatic;
				DEVELOPMENT_TEAM = MR2599V69Q;
				INFOPLIST_FILE = VaryForTraits/Info.plist;
				LD_RUNPATH_SEARCH_PATHS = (
					"$(inherited)",
					"@executable_path/Frameworks",
				);
				PRODUCT_BUNDLE_IDENTIFIER = nazim.VaryForTraits;
				PRODUCT_NAME = "$(TARGET_NAME)";
				SWIFT_VERSION = 5.0;
				TARGETED_DEVICE_FAMILY = "1,2";
			};
			name = Release;
		};
/* End XCBuildConfiguration section */

/* Begin XCConfigurationList section */
		F4E1830822E0C5E500A68157 /* Build configuration list for PBXProject "VaryForTraits" */ = {
			isa = XCConfigurationList;
			buildConfigurations = (
				F4E1831D22E0C5F800A68157 /* Debug */,
				F4E1831E22E0C5F800A68157 /* Release */,
			);
			defaultConfigurationIsVisible = 0;
			defaultConfigurationName = Release;
		};
		F4E1831F22E0C5F800A68157 /* Build configuration list for PBXNativeTarget "VaryForTraits" */ = {
			isa = XCConfigurationList;
			buildConfigurations = (
				F4E1832022E0C5F800A68157 /* Debug */,
				F4E1832122E0C5F800A68157 /* Release */,
			);
			defaultConfigurationIsVisible = 0;
			defaultConfigurationName = Release;
		};
/* End XCConfigurationList section */
	};
	rootObject = F4E1830522E0C5E500A68157 /* Project object */;
}
